// !$*UTF8*$!
{
	archiveVersion = 1;
	classes = {
	};
	objectVersion = 48;
	objects = {

/* Begin PBXBuildFile section */
		99378FF91FE0AC7B0069CD05 /* Info.plist in Resources */ = {isa = PBXBuildFile; fileRef = 99464F341FD66B42005406F9 /* Info.plist */; };
		99464F291FD66B42005406F9 /* AppDelegate.swift in Sources */ = {isa = PBXBuildFile; fileRef = 99464F281FD66B42005406F9 /* AppDelegate.swift */; };
		99464F491FD66B42005406F9 /* FantasticViewUITests.swift in Sources */ = {isa = PBXBuildFile; fileRef = 99464F481FD66B42005406F9 /* FantasticViewUITests.swift */; };
		99B1E7BF1FD6DC800054B6E5 /* PayDock.swift in Sources */ = {isa = PBXBuildFile; fileRef = 99E619881FD69054006CC547 /* PayDock.swift */; };
		99B1E7C01FD6DC810054B6E5 /* PayDock.swift in Sources */ = {isa = PBXBuildFile; fileRef = 99E619881FD69054006CC547 /* PayDock.swift */; };
		99B1E7C11FD6DC870054B6E5 /* cardFormView.swift in Sources */ = {isa = PBXBuildFile; fileRef = 99E61A131FD6BF3A006CC547 /* cardFormView.swift */; };
		99B1E7C21FD6DC870054B6E5 /* cardFormView.swift in Sources */ = {isa = PBXBuildFile; fileRef = 99E61A131FD6BF3A006CC547 /* cardFormView.swift */; };
		99D545D21FD6D85B00CE63E7 /* ViewController.swift in Sources */ = {isa = PBXBuildFile; fileRef = 99464F2A1FD66B42005406F9 /* ViewController.swift */; };
		99E6198F1FD69054006CC547 /* Assets.xcassets in Resources */ = {isa = PBXBuildFile; fileRef = 99E6197F1FD69053006CC547 /* Assets.xcassets */; };
		99E619911FD69054006CC547 /* ExternalCheckout.swift in Sources */ = {isa = PBXBuildFile; fileRef = 99E619811FD69054006CC547 /* ExternalCheckout.swift */; };
		99E619921FD69054006CC547 /* ConstantsUi.swift in Sources */ = {isa = PBXBuildFile; fileRef = 99E619821FD69054006CC547 /* ConstantsUi.swift */; };
		99E619961FD69054006CC547 /* Errors.swift in Sources */ = {isa = PBXBuildFile; fileRef = 99E619871FD69054006CC547 /* Errors.swift */; };
		99E619971FD69054006CC547 /* PayDock.swift in Sources */ = {isa = PBXBuildFile; fileRef = 99E619881FD69054006CC547 /* PayDock.swift */; };
		99E6199B1FD69054006CC547 /* Constants.swift in Sources */ = {isa = PBXBuildFile; fileRef = 99E6198C1FD69054006CC547 /* Constants.swift */; };
		99E619A01FD69137006CC547 /* LaunchScreen.storyboard in Resources */ = {isa = PBXBuildFile; fileRef = 99E6199E1FD69137006CC547 /* LaunchScreen.storyboard */; };
		99E619A11FD69137006CC547 /* cardForm1.storyboard in Resources */ = {isa = PBXBuildFile; fileRef = 99E6199F1FD69137006CC547 /* cardForm1.storyboard */; };
		99E619A41FD69208006CC547 /* DateChecker.swift in Sources */ = {isa = PBXBuildFile; fileRef = 99E619A21FD69207006CC547 /* DateChecker.swift */; };
		99E619A51FD69208006CC547 /* CardCheck.swift in Sources */ = {isa = PBXBuildFile; fileRef = 99E619A31FD69208006CC547 /* CardCheck.swift */; };
		99E619A71FD69219006CC547 /* Default-568h@2x.png in Resources */ = {isa = PBXBuildFile; fileRef = 99E619A61FD69219006CC547 /* Default-568h@2x.png */; };
		99E619AE1FD694C2006CC547 /* Mapable.swift in Sources */ = {isa = PBXBuildFile; fileRef = 99E619AD1FD694C2006CC547 /* Mapable.swift */; };
		99E619C11FD69626006CC547 /* TokenServices.swift in Sources */ = {isa = PBXBuildFile; fileRef = 99E619BC1FD69626006CC547 /* TokenServices.swift */; };
		99E619C21FD69626006CC547 /* CustomerServices.swift in Sources */ = {isa = PBXBuildFile; fileRef = 99E619BD1FD69626006CC547 /* CustomerServices.swift */; };
		99E619C31FD69626006CC547 /* ChargeServices.swift in Sources */ = {isa = PBXBuildFile; fileRef = 99E619BE1FD69626006CC547 /* ChargeServices.swift */; };
		99E619C41FD69626006CC547 /* SubscriptionServices.swift in Sources */ = {isa = PBXBuildFile; fileRef = 99E619BF1FD69626006CC547 /* SubscriptionServices.swift */; };
		99E619C51FD69626006CC547 /* ExternalCheckoutServices.swift in Sources */ = {isa = PBXBuildFile; fileRef = 99E619C01FD69626006CC547 /* ExternalCheckoutServices.swift */; };
		99E619C81FD69636006CC547 /* PayDockSession.swift in Sources */ = {isa = PBXBuildFile; fileRef = 99E619C61FD69636006CC547 /* PayDockSession.swift */; };
		99E619C91FD69636006CC547 /* PayDockNetwork.swift in Sources */ = {isa = PBXBuildFile; fileRef = 99E619C71FD69636006CC547 /* PayDockNetwork.swift */; };
		99E619D31FD69662006CC547 /* Address.swift in Sources */ = {isa = PBXBuildFile; fileRef = 99E619CC1FD69662006CC547 /* Address.swift */; };
		99E619EC1FD69800006CC547 /* Charge.swift in Sources */ = {isa = PBXBuildFile; fileRef = 99E619EB1FD69800006CC547 /* Charge.swift */; };
		99E619EE1FD69806006CC547 /* Customer.swift in Sources */ = {isa = PBXBuildFile; fileRef = 99E619ED1FD69806006CC547 /* Customer.swift */; };
		99E619F61FD6980D006CC547 /* ExternalCheckoutRequest.swift in Sources */ = {isa = PBXBuildFile; fileRef = 99E619EF1FD6980C006CC547 /* ExternalCheckoutRequest.swift */; };
		99E619F71FD6980D006CC547 /* ListParameters.swift in Sources */ = {isa = PBXBuildFile; fileRef = 99E619F01FD6980C006CC547 /* ListParameters.swift */; };
		99E619F81FD6980D006CC547 /* ChargeRequest.swift in Sources */ = {isa = PBXBuildFile; fileRef = 99E619F11FD6980C006CC547 /* ChargeRequest.swift */; };
		99E619F91FD6980D006CC547 /* Parameterable.swift in Sources */ = {isa = PBXBuildFile; fileRef = 99E619F21FD6980C006CC547 /* Parameterable.swift */; };
		99E619FA1FD6980D006CC547 /* CustomerRequest.swift in Sources */ = {isa = PBXBuildFile; fileRef = 99E619F31FD6980D006CC547 /* CustomerRequest.swift */; };
		99E619FB1FD6980D006CC547 /* SubscriptionRequest.swift in Sources */ = {isa = PBXBuildFile; fileRef = 99E619F41FD6980D006CC547 /* SubscriptionRequest.swift */; };
		99E619FC1FD6980D006CC547 /* TokenRequest.swift in Sources */ = {isa = PBXBuildFile; fileRef = 99E619F51FD6980D006CC547 /* TokenRequest.swift */; };
		99E61A011FD6981A006CC547 /* Card.swift in Sources */ = {isa = PBXBuildFile; fileRef = 99E619FD1FD69819006CC547 /* Card.swift */; };
		99E61A021FD6981A006CC547 /* BankAccount.swift in Sources */ = {isa = PBXBuildFile; fileRef = 99E619FE1FD69819006CC547 /* BankAccount.swift */; };
		99E61A031FD6981A006CC547 /* BSB.swift in Sources */ = {isa = PBXBuildFile; fileRef = 99E619FF1FD69819006CC547 /* BSB.swift */; };
		99E61A041FD6981A006CC547 /* Payment Source.swift in Sources */ = {isa = PBXBuildFile; fileRef = 99E61A001FD69819006CC547 /* Payment Source.swift */; };
		99E61A071FD69821006CC547 /* Subscription.swift in Sources */ = {isa = PBXBuildFile; fileRef = 99E61A051FD69821006CC547 /* Subscription.swift */; };
		99E61A081FD69821006CC547 /* Schedule.swift in Sources */ = {isa = PBXBuildFile; fileRef = 99E61A061FD69821006CC547 /* Schedule.swift */; };
		99E61A0C1FD6982D006CC547 /* Refund.swift in Sources */ = {isa = PBXBuildFile; fileRef = 99E61A091FD6982C006CC547 /* Refund.swift */; };
		99E61A0D1FD6982D006CC547 /* Sale.swift in Sources */ = {isa = PBXBuildFile; fileRef = 99E61A0A1FD6982C006CC547 /* Sale.swift */; };
		99E61A0E1FD6982D006CC547 /* Transaction.swift in Sources */ = {isa = PBXBuildFile; fileRef = 99E61A0B1FD6982C006CC547 /* Transaction.swift */; };
		99E61A121FD6B67A006CC547 /* cardForm.xib in Resources */ = {isa = PBXBuildFile; fileRef = 99E61A111FD6B67A006CC547 /* cardForm.xib */; };
		99E61A141FD6BF3A006CC547 /* cardFormView.swift in Sources */ = {isa = PBXBuildFile; fileRef = 99E61A131FD6BF3A006CC547 /* cardFormView.swift */; };
/* End PBXBuildFile section */

/* Begin PBXContainerItemProxy section */
		99464F3A1FD66B42005406F9 /* PBXContainerItemProxy */ = {
			isa = PBXContainerItemProxy;
			containerPortal = 99464F1D1FD66B42005406F9 /* Project object */;
			proxyType = 1;
			remoteGlobalIDString = 99464F241FD66B42005406F9;
			remoteInfo = FantasticView;
		};
		99464F451FD66B42005406F9 /* PBXContainerItemProxy */ = {
			isa = PBXContainerItemProxy;
			containerPortal = 99464F1D1FD66B42005406F9 /* Project object */;
			proxyType = 1;
			remoteGlobalIDString = 99464F241FD66B42005406F9;
			remoteInfo = FantasticView;
		};
/* End PBXContainerItemProxy section */

/* Begin PBXFileReference section */
		99464F251FD66B42005406F9 /* FantasticViewMarkPayTesting.app */ = {isa = PBXFileReference; explicitFileType = wrapper.application; includeInIndex = 0; path = FantasticViewMarkPayTesting.app; sourceTree = BUILT_PRODUCTS_DIR; };
		99464F281FD66B42005406F9 /* AppDelegate.swift */ = {isa = PBXFileReference; lastKnownFileType = sourcecode.swift; path = AppDelegate.swift; sourceTree = "<group>"; };
		99464F2A1FD66B42005406F9 /* ViewController.swift */ = {isa = PBXFileReference; lastKnownFileType = sourcecode.swift; path = ViewController.swift; sourceTree = "<group>"; };
		99464F341FD66B42005406F9 /* Info.plist */ = {isa = PBXFileReference; lastKnownFileType = text.plist.xml; path = Info.plist; sourceTree = "<group>"; };
		99464F391FD66B42005406F9 /* FantasticViewMarkPayTestingTests.xctest */ = {isa = PBXFileReference; explicitFileType = wrapper.cfbundle; includeInIndex = 0; path = FantasticViewMarkPayTestingTests.xctest; sourceTree = BUILT_PRODUCTS_DIR; };
		99464F441FD66B42005406F9 /* FantasticViewMarkPayTestingUITests.xctest */ = {isa = PBXFileReference; explicitFileType = wrapper.cfbundle; includeInIndex = 0; path = FantasticViewMarkPayTestingUITests.xctest; sourceTree = BUILT_PRODUCTS_DIR; };
		99464F481FD66B42005406F9 /* FantasticViewUITests.swift */ = {isa = PBXFileReference; lastKnownFileType = sourcecode.swift; path = FantasticViewUITests.swift; sourceTree = "<group>"; };
		99464F4A1FD66B42005406F9 /* Info.plist */ = {isa = PBXFileReference; lastKnownFileType = text.plist.xml; path = Info.plist; sourceTree = "<group>"; };
		99E6197F1FD69053006CC547 /* Assets.xcassets */ = {isa = PBXFileReference; lastKnownFileType = folder.assetcatalog; path = Assets.xcassets; sourceTree = "<group>"; };
		99E619811FD69054006CC547 /* ExternalCheckout.swift */ = {isa = PBXFileReference; fileEncoding = 4; lastKnownFileType = sourcecode.swift; path = ExternalCheckout.swift; sourceTree = "<group>"; };
		99E619821FD69054006CC547 /* ConstantsUi.swift */ = {isa = PBXFileReference; fileEncoding = 4; lastKnownFileType = sourcecode.swift; path = ConstantsUi.swift; sourceTree = "<group>"; };
		99E619851FD69054006CC547 /* PayDock.h */ = {isa = PBXFileReference; fileEncoding = 4; lastKnownFileType = sourcecode.c.h; path = PayDock.h; sourceTree = "<group>"; };
		99E619871FD69054006CC547 /* Errors.swift */ = {isa = PBXFileReference; fileEncoding = 4; lastKnownFileType = sourcecode.swift; path = Errors.swift; sourceTree = "<group>"; };
		99E619881FD69054006CC547 /* PayDock.swift */ = {isa = PBXFileReference; fileEncoding = 4; lastKnownFileType = sourcecode.swift; path = PayDock.swift; sourceTree = "<group>"; };
		99E6198C1FD69054006CC547 /* Constants.swift */ = {isa = PBXFileReference; fileEncoding = 4; lastKnownFileType = sourcecode.swift; path = Constants.swift; sourceTree = "<group>"; };
		99E6199E1FD69137006CC547 /* LaunchScreen.storyboard */ = {isa = PBXFileReference; fileEncoding = 4; lastKnownFileType = file.storyboard; path = LaunchScreen.storyboard; sourceTree = "<group>"; };
		99E6199F1FD69137006CC547 /* cardForm1.storyboard */ = {isa = PBXFileReference; fileEncoding = 4; lastKnownFileType = file.storyboard; path = cardForm1.storyboard; sourceTree = "<group>"; };
		99E619A21FD69207006CC547 /* DateChecker.swift */ = {isa = PBXFileReference; fileEncoding = 4; lastKnownFileType = sourcecode.swift; path = DateChecker.swift; sourceTree = "<group>"; };
		99E619A31FD69208006CC547 /* CardCheck.swift */ = {isa = PBXFileReference; fileEncoding = 4; lastKnownFileType = sourcecode.swift; path = CardCheck.swift; sourceTree = "<group>"; };
		99E619A61FD69219006CC547 /* Default-568h@2x.png */ = {isa = PBXFileReference; lastKnownFileType = image.png; path = "Default-568h@2x.png"; sourceTree = "<group>"; };
		99E619AD1FD694C2006CC547 /* Mapable.swift */ = {isa = PBXFileReference; fileEncoding = 4; lastKnownFileType = sourcecode.swift; name = Mapable.swift; path = FantasticView/Mapper/Mapable.swift; sourceTree = SOURCE_ROOT; };
		99E619BC1FD69626006CC547 /* TokenServices.swift */ = {isa = PBXFileReference; fileEncoding = 4; lastKnownFileType = sourcecode.swift; path = TokenServices.swift; sourceTree = "<group>"; };
		99E619BD1FD69626006CC547 /* CustomerServices.swift */ = {isa = PBXFileReference; fileEncoding = 4; lastKnownFileType = sourcecode.swift; path = CustomerServices.swift; sourceTree = "<group>"; };
		99E619BE1FD69626006CC547 /* ChargeServices.swift */ = {isa = PBXFileReference; fileEncoding = 4; lastKnownFileType = sourcecode.swift; path = ChargeServices.swift; sourceTree = "<group>"; };
		99E619BF1FD69626006CC547 /* SubscriptionServices.swift */ = {isa = PBXFileReference; fileEncoding = 4; lastKnownFileType = sourcecode.swift; path = SubscriptionServices.swift; sourceTree = "<group>"; };
		99E619C01FD69626006CC547 /* ExternalCheckoutServices.swift */ = {isa = PBXFileReference; fileEncoding = 4; lastKnownFileType = sourcecode.swift; path = ExternalCheckoutServices.swift; sourceTree = "<group>"; };
		99E619C61FD69636006CC547 /* PayDockSession.swift */ = {isa = PBXFileReference; fileEncoding = 4; lastKnownFileType = sourcecode.swift; path = PayDockSession.swift; sourceTree = "<group>"; };
		99E619C71FD69636006CC547 /* PayDockNetwork.swift */ = {isa = PBXFileReference; fileEncoding = 4; lastKnownFileType = sourcecode.swift; path = PayDockNetwork.swift; sourceTree = "<group>"; };
		99E619CC1FD69662006CC547 /* Address.swift */ = {isa = PBXFileReference; fileEncoding = 4; lastKnownFileType = sourcecode.swift; path = Address.swift; sourceTree = "<group>"; };
		99E619EB1FD69800006CC547 /* Charge.swift */ = {isa = PBXFileReference; fileEncoding = 4; lastKnownFileType = sourcecode.swift; path = Charge.swift; sourceTree = "<group>"; };
		99E619ED1FD69806006CC547 /* Customer.swift */ = {isa = PBXFileReference; fileEncoding = 4; lastKnownFileType = sourcecode.swift; path = Customer.swift; sourceTree = "<group>"; };
		99E619EF1FD6980C006CC547 /* ExternalCheckoutRequest.swift */ = {isa = PBXFileReference; fileEncoding = 4; lastKnownFileType = sourcecode.swift; path = ExternalCheckoutRequest.swift; sourceTree = "<group>"; };
		99E619F01FD6980C006CC547 /* ListParameters.swift */ = {isa = PBXFileReference; fileEncoding = 4; lastKnownFileType = sourcecode.swift; path = ListParameters.swift; sourceTree = "<group>"; };
		99E619F11FD6980C006CC547 /* ChargeRequest.swift */ = {isa = PBXFileReference; fileEncoding = 4; lastKnownFileType = sourcecode.swift; path = ChargeRequest.swift; sourceTree = "<group>"; };
		99E619F21FD6980C006CC547 /* Parameterable.swift */ = {isa = PBXFileReference; fileEncoding = 4; lastKnownFileType = sourcecode.swift; path = Parameterable.swift; sourceTree = "<group>"; };
		99E619F31FD6980D006CC547 /* CustomerRequest.swift */ = {isa = PBXFileReference; fileEncoding = 4; lastKnownFileType = sourcecode.swift; path = CustomerRequest.swift; sourceTree = "<group>"; };
		99E619F41FD6980D006CC547 /* SubscriptionRequest.swift */ = {isa = PBXFileReference; fileEncoding = 4; lastKnownFileType = sourcecode.swift; path = SubscriptionRequest.swift; sourceTree = "<group>"; };
		99E619F51FD6980D006CC547 /* TokenRequest.swift */ = {isa = PBXFileReference; fileEncoding = 4; lastKnownFileType = sourcecode.swift; path = TokenRequest.swift; sourceTree = "<group>"; };
		99E619FD1FD69819006CC547 /* Card.swift */ = {isa = PBXFileReference; fileEncoding = 4; lastKnownFileType = sourcecode.swift; path = Card.swift; sourceTree = "<group>"; };
		99E619FE1FD69819006CC547 /* BankAccount.swift */ = {isa = PBXFileReference; fileEncoding = 4; lastKnownFileType = sourcecode.swift; path = BankAccount.swift; sourceTree = "<group>"; };
		99E619FF1FD69819006CC547 /* BSB.swift */ = {isa = PBXFileReference; fileEncoding = 4; lastKnownFileType = sourcecode.swift; path = BSB.swift; sourceTree = "<group>"; };
		99E61A001FD69819006CC547 /* Payment Source.swift */ = {isa = PBXFileReference; fileEncoding = 4; lastKnownFileType = sourcecode.swift; path = "Payment Source.swift"; sourceTree = "<group>"; };
		99E61A051FD69821006CC547 /* Subscription.swift */ = {isa = PBXFileReference; fileEncoding = 4; lastKnownFileType = sourcecode.swift; path = Subscription.swift; sourceTree = "<group>"; };
		99E61A061FD69821006CC547 /* Schedule.swift */ = {isa = PBXFileReference; fileEncoding = 4; lastKnownFileType = sourcecode.swift; path = Schedule.swift; sourceTree = "<group>"; };
		99E61A091FD6982C006CC547 /* Refund.swift */ = {isa = PBXFileReference; fileEncoding = 4; lastKnownFileType = sourcecode.swift; path = Refund.swift; sourceTree = "<group>"; };
		99E61A0A1FD6982C006CC547 /* Sale.swift */ = {isa = PBXFileReference; fileEncoding = 4; lastKnownFileType = sourcecode.swift; path = Sale.swift; sourceTree = "<group>"; };
		99E61A0B1FD6982C006CC547 /* Transaction.swift */ = {isa = PBXFileReference; fileEncoding = 4; lastKnownFileType = sourcecode.swift; path = Transaction.swift; sourceTree = "<group>"; };
		99E61A111FD6B67A006CC547 /* cardForm.xib */ = {isa = PBXFileReference; lastKnownFileType = file.xib; path = cardForm.xib; sourceTree = "<group>"; };
		99E61A131FD6BF3A006CC547 /* cardFormView.swift */ = {isa = PBXFileReference; lastKnownFileType = sourcecode.swift; path = cardFormView.swift; sourceTree = "<group>"; };
/* End PBXFileReference section */

/* Begin PBXFrameworksBuildPhase section */
		99464F221FD66B42005406F9 /* Frameworks */ = {
			isa = PBXFrameworksBuildPhase;
			buildActionMask = 2147483647;
			files = (
			);
			runOnlyForDeploymentPostprocessing = 0;
		};
		99464F361FD66B42005406F9 /* Frameworks */ = {
			isa = PBXFrameworksBuildPhase;
			buildActionMask = 2147483647;
			files = (
			);
			runOnlyForDeploymentPostprocessing = 0;
		};
		99464F411FD66B42005406F9 /* Frameworks */ = {
			isa = PBXFrameworksBuildPhase;
			buildActionMask = 2147483647;
			files = (
			);
			runOnlyForDeploymentPostprocessing = 0;
		};
/* End PBXFrameworksBuildPhase section */

/* Begin PBXGroup section */
		99464F1C1FD66B42005406F9 = {
			isa = PBXGroup;
			children = (
				99E619A61FD69219006CC547 /* Default-568h@2x.png */,
				99464F271FD66B42005406F9 /* FantasticView */,
				99464F471FD66B42005406F9 /* FantasticViewUITests */,
				99464F261FD66B42005406F9 /* Products */,
			);
			sourceTree = "<group>";
		};
		99464F261FD66B42005406F9 /* Products */ = {
			isa = PBXGroup;
			children = (
				99464F251FD66B42005406F9 /* FantasticViewMarkPayTesting.app */,
				99464F391FD66B42005406F9 /* FantasticViewMarkPayTestingTests.xctest */,
				99464F441FD66B42005406F9 /* FantasticViewMarkPayTestingUITests.xctest */,
			);
			name = Products;
			sourceTree = "<group>";
		};
		99464F271FD66B42005406F9 /* FantasticView */ = {
			isa = PBXGroup;
			children = (
				99E619BB1FD695EF006CC547 /* Models */,
				99E619BA1FD695E4006CC547 /* Networking */,
				99E619AA1FD69437006CC547 /* Mapper */,
				99E619AF1FD6955E006CC547 /* Services */,
				99E6197F1FD69053006CC547 /* Assets.xcassets */,
				99E619851FD69054006CC547 /* PayDock.h */,
				99E619881FD69054006CC547 /* PayDock.swift */,
				99E6198C1FD69054006CC547 /* Constants.swift */,
				99E619821FD69054006CC547 /* ConstantsUi.swift */,
				99E619871FD69054006CC547 /* Errors.swift */,
				99E619A31FD69208006CC547 /* CardCheck.swift */,
				99E619A21FD69207006CC547 /* DateChecker.swift */,
				99E61A111FD6B67A006CC547 /* cardForm.xib */,
				99E61A131FD6BF3A006CC547 /* cardFormView.swift */,
				99464F2A1FD66B42005406F9 /* ViewController.swift */,
				99E6199E1FD69137006CC547 /* LaunchScreen.storyboard */,
				99E6199F1FD69137006CC547 /* cardForm1.storyboard */,
				99464F281FD66B42005406F9 /* AppDelegate.swift */,
				99464F341FD66B42005406F9 /* Info.plist */,
			);
			path = FantasticView;
			sourceTree = "<group>";
		};
		99464F471FD66B42005406F9 /* FantasticViewUITests */ = {
			isa = PBXGroup;
			children = (
				99464F481FD66B42005406F9 /* FantasticViewUITests.swift */,
				99464F4A1FD66B42005406F9 /* Info.plist */,
			);
			path = FantasticViewUITests;
			sourceTree = "<group>";
		};
		99E619AA1FD69437006CC547 /* Mapper */ = {
			isa = PBXGroup;
			children = (
				99E619AD1FD694C2006CC547 /* Mapable.swift */,
			);
			path = Mapper;
			sourceTree = "<group>";
		};
		99E619AF1FD6955E006CC547 /* Services */ = {
			isa = PBXGroup;
			children = (
				99E619BE1FD69626006CC547 /* ChargeServices.swift */,
				99E619BD1FD69626006CC547 /* CustomerServices.swift */,
				99E619C01FD69626006CC547 /* ExternalCheckoutServices.swift */,
				99E619BF1FD69626006CC547 /* SubscriptionServices.swift */,
				99E619BC1FD69626006CC547 /* TokenServices.swift */,
			);
			path = Services;
			sourceTree = "<group>";
		};
		99E619BA1FD695E4006CC547 /* Networking */ = {
			isa = PBXGroup;
			children = (
				99E619C71FD69636006CC547 /* PayDockNetwork.swift */,
				99E619C61FD69636006CC547 /* PayDockSession.swift */,
			);
			path = Networking;
			sourceTree = "<group>";
		};
		99E619BB1FD695EF006CC547 /* Models */ = {
			isa = PBXGroup;
			children = (
				99E619DE1FD696D3006CC547 /* Charge */,
				99E619DD1FD696D0006CC547 /* Customer */,
				99E619DC1FD696CE006CC547 /* Parameters */,
				99E619DB1FD696CC006CC547 /* Payment Sources */,
				99E619DA1FD696CA006CC547 /* Subscription */,
				99E619D91FD696C8006CC547 /* Transaction */,
				99E619CC1FD69662006CC547 /* Address.swift */,
				99E619811FD69054006CC547 /* ExternalCheckout.swift */,
			);
			path = Models;
			sourceTree = "<group>";
		};
		99E619D91FD696C8006CC547 /* Transaction */ = {
			isa = PBXGroup;
			children = (
				99E61A091FD6982C006CC547 /* Refund.swift */,
				99E61A0A1FD6982C006CC547 /* Sale.swift */,
				99E61A0B1FD6982C006CC547 /* Transaction.swift */,
			);
			path = Transaction;
			sourceTree = "<group>";
		};
		99E619DA1FD696CA006CC547 /* Subscription */ = {
			isa = PBXGroup;
			children = (
				99E61A061FD69821006CC547 /* Schedule.swift */,
				99E61A051FD69821006CC547 /* Subscription.swift */,
			);
			path = Subscription;
			sourceTree = "<group>";
		};
		99E619DB1FD696CC006CC547 /* Payment Sources */ = {
			isa = PBXGroup;
			children = (
				99E619FE1FD69819006CC547 /* BankAccount.swift */,
				99E619FF1FD69819006CC547 /* BSB.swift */,
				99E619FD1FD69819006CC547 /* Card.swift */,
				99E61A001FD69819006CC547 /* Payment Source.swift */,
			);
			path = "Payment Sources";
			sourceTree = "<group>";
		};
		99E619DC1FD696CE006CC547 /* Parameters */ = {
			isa = PBXGroup;
			children = (
				99E619F11FD6980C006CC547 /* ChargeRequest.swift */,
				99E619F31FD6980D006CC547 /* CustomerRequest.swift */,
				99E619EF1FD6980C006CC547 /* ExternalCheckoutRequest.swift */,
				99E619F01FD6980C006CC547 /* ListParameters.swift */,
				99E619F21FD6980C006CC547 /* Parameterable.swift */,
				99E619F41FD6980D006CC547 /* SubscriptionRequest.swift */,
				99E619F51FD6980D006CC547 /* TokenRequest.swift */,
			);
			path = Parameters;
			sourceTree = "<group>";
		};
		99E619DD1FD696D0006CC547 /* Customer */ = {
			isa = PBXGroup;
			children = (
				99E619ED1FD69806006CC547 /* Customer.swift */,
			);
			path = Customer;
			sourceTree = "<group>";
		};
		99E619DE1FD696D3006CC547 /* Charge */ = {
			isa = PBXGroup;
			children = (
				99E619EB1FD69800006CC547 /* Charge.swift */,
			);
			path = Charge;
			sourceTree = "<group>";
		};
/* End PBXGroup section */

/* Begin PBXNativeTarget section */
		99464F241FD66B42005406F9 /* FantasticViewMarkPayTesting */ = {
			isa = PBXNativeTarget;
			buildConfigurationList = 99464F4D1FD66B42005406F9 /* Build configuration list for PBXNativeTarget "FantasticViewMarkPayTesting" */;
			buildPhases = (
				99464F211FD66B42005406F9 /* Sources */,
				99464F221FD66B42005406F9 /* Frameworks */,
				99464F231FD66B42005406F9 /* Resources */,
			);
			buildRules = (
			);
			dependencies = (
			);
			name = FantasticViewMarkPayTesting;
			productName = FantasticView;
			productReference = 99464F251FD66B42005406F9 /* FantasticViewMarkPayTesting.app */;
			productType = "com.apple.product-type.application";
		};
		99464F381FD66B42005406F9 /* FantasticViewMarkPayTestingTests */ = {
			isa = PBXNativeTarget;
			buildConfigurationList = 99464F501FD66B42005406F9 /* Build configuration list for PBXNativeTarget "FantasticViewMarkPayTestingTests" */;
			buildPhases = (
				99464F351FD66B42005406F9 /* Sources */,
				99464F361FD66B42005406F9 /* Frameworks */,
				99464F371FD66B42005406F9 /* Resources */,
			);
			buildRules = (
			);
			dependencies = (
				99464F3B1FD66B42005406F9 /* PBXTargetDependency */,
			);
			name = FantasticViewMarkPayTestingTests;
			productName = FantasticViewTests;
			productReference = 99464F391FD66B42005406F9 /* FantasticViewMarkPayTestingTests.xctest */;
			productType = "com.apple.product-type.bundle.unit-test";
		};
		99464F431FD66B42005406F9 /* FantasticViewMarkPayTestingUITests */ = {
			isa = PBXNativeTarget;
			buildConfigurationList = 99464F531FD66B42005406F9 /* Build configuration list for PBXNativeTarget "FantasticViewMarkPayTestingUITests" */;
			buildPhases = (
				99464F401FD66B42005406F9 /* Sources */,
				99464F411FD66B42005406F9 /* Frameworks */,
				99464F421FD66B42005406F9 /* Resources */,
			);
			buildRules = (
			);
			dependencies = (
				99464F461FD66B42005406F9 /* PBXTargetDependency */,
			);
			name = FantasticViewMarkPayTestingUITests;
			productName = FantasticViewUITests;
			productReference = 99464F441FD66B42005406F9 /* FantasticViewMarkPayTestingUITests.xctest */;
			productType = "com.apple.product-type.bundle.ui-testing";
		};
/* End PBXNativeTarget section */

/* Begin PBXProject section */
		99464F1D1FD66B42005406F9 /* Project object */ = {
			isa = PBXProject;
			attributes = {
				LastSwiftUpdateCheck = 0910;
				LastUpgradeCheck = 0910;
				ORGANIZATIONNAME = "Mark Cardamis";
				TargetAttributes = {
					99464F241FD66B42005406F9 = {
						CreatedOnToolsVersion = 9.1;
						ProvisioningStyle = Automatic;
					};
					99464F381FD66B42005406F9 = {
						CreatedOnToolsVersion = 9.1;
						ProvisioningStyle = Automatic;
						TestTargetID = 99464F241FD66B42005406F9;
					};
					99464F431FD66B42005406F9 = {
						CreatedOnToolsVersion = 9.1;
						ProvisioningStyle = Automatic;
						TestTargetID = 99464F241FD66B42005406F9;
					};
				};
			};
			buildConfigurationList = 99464F201FD66B42005406F9 /* Build configuration list for PBXProject "FantasticViewMarkPayTesting" */;
			compatibilityVersion = "Xcode 8.0";
			developmentRegion = en;
			hasScannedForEncodings = 0;
			knownRegions = (
				en,
				Base,
			);
			mainGroup = 99464F1C1FD66B42005406F9;
			productRefGroup = 99464F261FD66B42005406F9 /* Products */;
			projectDirPath = "";
			projectRoot = "";
			targets = (
				99464F241FD66B42005406F9 /* FantasticViewMarkPayTesting */,
				99464F381FD66B42005406F9 /* FantasticViewMarkPayTestingTests */,
				99464F431FD66B42005406F9 /* FantasticViewMarkPayTestingUITests */,
			);
		};
/* End PBXProject section */

/* Begin PBXResourcesBuildPhase section */
		99464F231FD66B42005406F9 /* Resources */ = {
			isa = PBXResourcesBuildPhase;
			buildActionMask = 2147483647;
			files = (
				99378FF91FE0AC7B0069CD05 /* Info.plist in Resources */,
				99E619A01FD69137006CC547 /* LaunchScreen.storyboard in Resources */,
				99E61A121FD6B67A006CC547 /* cardForm.xib in Resources */,
				99E619A11FD69137006CC547 /* cardForm1.storyboard in Resources */,
				99E619A71FD69219006CC547 /* Default-568h@2x.png in Resources */,
				99E6198F1FD69054006CC547 /* Assets.xcassets in Resources */,
			);
			runOnlyForDeploymentPostprocessing = 0;
		};
		99464F371FD66B42005406F9 /* Resources */ = {
			isa = PBXResourcesBuildPhase;
			buildActionMask = 2147483647;
			files = (
			);
			runOnlyForDeploymentPostprocessing = 0;
		};
		99464F421FD66B42005406F9 /* Resources */ = {
			isa = PBXResourcesBuildPhase;
			buildActionMask = 2147483647;
			files = (
			);
			runOnlyForDeploymentPostprocessing = 0;
		};
/* End PBXResourcesBuildPhase section */

/* Begin PBXSourcesBuildPhase section */
		99464F211FD66B42005406F9 /* Sources */ = {
			isa = PBXSourcesBuildPhase;
			buildActionMask = 2147483647;
			files = (
				99E619EC1FD69800006CC547 /* Charge.swift in Sources */,
				99E619C91FD69636006CC547 /* PayDockNetwork.swift in Sources */,
				99E619AE1FD694C2006CC547 /* Mapable.swift in Sources */,
				99E619EE1FD69806006CC547 /* Customer.swift in Sources */,
				99E61A141FD6BF3A006CC547 /* cardFormView.swift in Sources */,
				99E61A021FD6981A006CC547 /* BankAccount.swift in Sources */,
				99E61A071FD69821006CC547 /* Subscription.swift in Sources */,
				99E619C31FD69626006CC547 /* ChargeServices.swift in Sources */,
				99464F291FD66B42005406F9 /* AppDelegate.swift in Sources */,
				99E619F71FD6980D006CC547 /* ListParameters.swift in Sources */,
				99E619C41FD69626006CC547 /* SubscriptionServices.swift in Sources */,
				99E619911FD69054006CC547 /* ExternalCheckout.swift in Sources */,
				99E619C81FD69636006CC547 /* PayDockSession.swift in Sources */,
				99E619A41FD69208006CC547 /* DateChecker.swift in Sources */,
				99E619C11FD69626006CC547 /* TokenServices.swift in Sources */,
				99E619FA1FD6980D006CC547 /* CustomerRequest.swift in Sources */,
				99E619F61FD6980D006CC547 /* ExternalCheckoutRequest.swift in Sources */,
				99E61A081FD69821006CC547 /* Schedule.swift in Sources */,
				99D545D21FD6D85B00CE63E7 /* ViewController.swift in Sources */,
				99E619C21FD69626006CC547 /* CustomerServices.swift in Sources */,
				99E619971FD69054006CC547 /* PayDock.swift in Sources */,
				99E61A031FD6981A006CC547 /* BSB.swift in Sources */,
				99E619FC1FD6980D006CC547 /* TokenRequest.swift in Sources */,
				99E61A0C1FD6982D006CC547 /* Refund.swift in Sources */,
				99E6199B1FD69054006CC547 /* Constants.swift in Sources */,
				99E619F91FD6980D006CC547 /* Parameterable.swift in Sources */,
				99E619F81FD6980D006CC547 /* ChargeRequest.swift in Sources */,
				99E61A0D1FD6982D006CC547 /* Sale.swift in Sources */,
				99E61A041FD6981A006CC547 /* Payment Source.swift in Sources */,
				99E619FB1FD6980D006CC547 /* SubscriptionRequest.swift in Sources */,
				99E619921FD69054006CC547 /* ConstantsUi.swift in Sources */,
				99E619A51FD69208006CC547 /* CardCheck.swift in Sources */,
				99E61A0E1FD6982D006CC547 /* Transaction.swift in Sources */,
				99E619961FD69054006CC547 /* Errors.swift in Sources */,
				99E619D31FD69662006CC547 /* Address.swift in Sources */,
				99E619C51FD69626006CC547 /* ExternalCheckoutServices.swift in Sources */,
				99E61A011FD6981A006CC547 /* Card.swift in Sources */,
			);
			runOnlyForDeploymentPostprocessing = 0;
		};
		99464F351FD66B42005406F9 /* Sources */ = {
			isa = PBXSourcesBuildPhase;
			buildActionMask = 2147483647;
			files = (
				99B1E7C11FD6DC870054B6E5 /* cardFormView.swift in Sources */,
				99B1E7BF1FD6DC800054B6E5 /* PayDock.swift in Sources */,
			);
			runOnlyForDeploymentPostprocessing = 0;
		};
		99464F401FD66B42005406F9 /* Sources */ = {
			isa = PBXSourcesBuildPhase;
			buildActionMask = 2147483647;
			files = (
				99464F491FD66B42005406F9 /* FantasticViewUITests.swift in Sources */,
				99B1E7C21FD6DC870054B6E5 /* cardFormView.swift in Sources */,
				99B1E7C01FD6DC810054B6E5 /* PayDock.swift in Sources */,
			);
			runOnlyForDeploymentPostprocessing = 0;
		};
/* End PBXSourcesBuildPhase section */

/* Begin PBXTargetDependency section */
		99464F3B1FD66B42005406F9 /* PBXTargetDependency */ = {
			isa = PBXTargetDependency;
			target = 99464F241FD66B42005406F9 /* FantasticViewMarkPayTesting */;
			targetProxy = 99464F3A1FD66B42005406F9 /* PBXContainerItemProxy */;
		};
		99464F461FD66B42005406F9 /* PBXTargetDependency */ = {
			isa = PBXTargetDependency;
			target = 99464F241FD66B42005406F9 /* FantasticViewMarkPayTesting */;
			targetProxy = 99464F451FD66B42005406F9 /* PBXContainerItemProxy */;
		};
/* End PBXTargetDependency section */

/* Begin XCBuildConfiguration section */
		99464F4B1FD66B42005406F9 /* Debug */ = {
			isa = XCBuildConfiguration;
			buildSettings = {
				ALWAYS_SEARCH_USER_PATHS = NO;
				CLANG_ANALYZER_NONNULL = YES;
				CLANG_ANALYZER_NUMBER_OBJECT_CONVERSION = YES_AGGRESSIVE;
				CLANG_CXX_LANGUAGE_STANDARD = "gnu++14";
				CLANG_CXX_LIBRARY = "libc++";
				CLANG_ENABLE_MODULES = YES;
				CLANG_ENABLE_OBJC_ARC = YES;
				CLANG_WARN_BLOCK_CAPTURE_AUTORELEASING = YES;
				CLANG_WARN_BOOL_CONVERSION = YES;
				CLANG_WARN_COMMA = YES;
				CLANG_WARN_CONSTANT_CONVERSION = YES;
				CLANG_WARN_DIRECT_OBJC_ISA_USAGE = YES_ERROR;
				CLANG_WARN_DOCUMENTATION_COMMENTS = YES;
				CLANG_WARN_EMPTY_BODY = YES;
				CLANG_WARN_ENUM_CONVERSION = YES;
				CLANG_WARN_INFINITE_RECURSION = YES;
				CLANG_WARN_INT_CONVERSION = YES;
				CLANG_WARN_NON_LITERAL_NULL_CONVERSION = YES;
				CLANG_WARN_OBJC_LITERAL_CONVERSION = YES;
				CLANG_WARN_OBJC_ROOT_CLASS = YES_ERROR;
				CLANG_WARN_RANGE_LOOP_ANALYSIS = YES;
				CLANG_WARN_STRICT_PROTOTYPES = YES;
				CLANG_WARN_SUSPICIOUS_MOVE = YES;
				CLANG_WARN_UNGUARDED_AVAILABILITY = YES_AGGRESSIVE;
				CLANG_WARN_UNREACHABLE_CODE = YES;
				CLANG_WARN__DUPLICATE_METHOD_MATCH = YES;
				CODE_SIGN_IDENTITY = "iPhone Developer";
				COPY_PHASE_STRIP = NO;
				DEBUG_INFORMATION_FORMAT = dwarf;
				ENABLE_STRICT_OBJC_MSGSEND = YES;
				ENABLE_TESTABILITY = YES;
				GCC_C_LANGUAGE_STANDARD = gnu11;
				GCC_DYNAMIC_NO_PIC = NO;
				GCC_NO_COMMON_BLOCKS = YES;
				GCC_OPTIMIZATION_LEVEL = 0;
				GCC_PREPROCESSOR_DEFINITIONS = (
					"DEBUG=1",
					"$(inherited)",
				);
				GCC_WARN_64_TO_32_BIT_CONVERSION = YES;
				GCC_WARN_ABOUT_RETURN_TYPE = YES_ERROR;
				GCC_WARN_UNDECLARED_SELECTOR = YES;
				GCC_WARN_UNINITIALIZED_AUTOS = YES_AGGRESSIVE;
				GCC_WARN_UNUSED_FUNCTION = YES;
				GCC_WARN_UNUSED_VARIABLE = YES;
				IPHONEOS_DEPLOYMENT_TARGET = 11.2;
				MTL_ENABLE_DEBUG_INFO = YES;
				ONLY_ACTIVE_ARCH = YES;
				SDKROOT = iphoneos;
				SWIFT_ACTIVE_COMPILATION_CONDITIONS = DEBUG;
				SWIFT_OPTIMIZATION_LEVEL = "-Onone";
			};
			name = Debug;
		};
		99464F4C1FD66B42005406F9 /* Release */ = {
			isa = XCBuildConfiguration;
			buildSettings = {
				ALWAYS_SEARCH_USER_PATHS = NO;
				CLANG_ANALYZER_NONNULL = YES;
				CLANG_ANALYZER_NUMBER_OBJECT_CONVERSION = YES_AGGRESSIVE;
				CLANG_CXX_LANGUAGE_STANDARD = "gnu++14";
				CLANG_CXX_LIBRARY = "libc++";
				CLANG_ENABLE_MODULES = YES;
				CLANG_ENABLE_OBJC_ARC = YES;
				CLANG_WARN_BLOCK_CAPTURE_AUTORELEASING = YES;
				CLANG_WARN_BOOL_CONVERSION = YES;
				CLANG_WARN_COMMA = YES;
				CLANG_WARN_CONSTANT_CONVERSION = YES;
				CLANG_WARN_DIRECT_OBJC_ISA_USAGE = YES_ERROR;
				CLANG_WARN_DOCUMENTATION_COMMENTS = YES;
				CLANG_WARN_EMPTY_BODY = YES;
				CLANG_WARN_ENUM_CONVERSION = YES;
				CLANG_WARN_INFINITE_RECURSION = YES;
				CLANG_WARN_INT_CONVERSION = YES;
				CLANG_WARN_NON_LITERAL_NULL_CONVERSION = YES;
				CLANG_WARN_OBJC_LITERAL_CONVERSION = YES;
				CLANG_WARN_OBJC_ROOT_CLASS = YES_ERROR;
				CLANG_WARN_RANGE_LOOP_ANALYSIS = YES;
				CLANG_WARN_STRICT_PROTOTYPES = YES;
				CLANG_WARN_SUSPICIOUS_MOVE = YES;
				CLANG_WARN_UNGUARDED_AVAILABILITY = YES_AGGRESSIVE;
				CLANG_WARN_UNREACHABLE_CODE = YES;
				CLANG_WARN__DUPLICATE_METHOD_MATCH = YES;
				CODE_SIGN_IDENTITY = "iPhone Developer";
				COPY_PHASE_STRIP = NO;
				DEBUG_INFORMATION_FORMAT = "dwarf-with-dsym";
				ENABLE_NS_ASSERTIONS = NO;
				ENABLE_STRICT_OBJC_MSGSEND = YES;
				GCC_C_LANGUAGE_STANDARD = gnu11;
				GCC_NO_COMMON_BLOCKS = YES;
				GCC_WARN_64_TO_32_BIT_CONVERSION = YES;
				GCC_WARN_ABOUT_RETURN_TYPE = YES_ERROR;
				GCC_WARN_UNDECLARED_SELECTOR = YES;
				GCC_WARN_UNINITIALIZED_AUTOS = YES_AGGRESSIVE;
				GCC_WARN_UNUSED_FUNCTION = YES;
				GCC_WARN_UNUSED_VARIABLE = YES;
				IPHONEOS_DEPLOYMENT_TARGET = 11.2;
				MTL_ENABLE_DEBUG_INFO = NO;
				SDKROOT = iphoneos;
				SWIFT_OPTIMIZATION_LEVEL = "-Owholemodule";
				VALIDATE_PRODUCT = YES;
			};
			name = Release;
		};
		99464F4E1FD66B42005406F9 /* Debug */ = {
			isa = XCBuildConfiguration;
			buildSettings = {
				ASSETCATALOG_COMPILER_APPICON_NAME = AppIcon;
				CODE_SIGN_STYLE = Automatic;
				INFOPLIST_FILE = FantasticView/Info.plist;
				LD_RUNPATH_SEARCH_PATHS = "$(inherited) @executable_path/Frameworks";
				PRODUCT_BUNDLE_IDENTIFIER = com.roundtableapps.PayDock;
				PRODUCT_NAME = "$(TARGET_NAME)";
				SWIFT_VERSION = 4.0;
				TARGETED_DEVICE_FAMILY = "1,2";
			};
			name = Debug;
		};
		99464F4F1FD66B42005406F9 /* Release */ = {
			isa = XCBuildConfiguration;
			buildSettings = {
				ASSETCATALOG_COMPILER_APPICON_NAME = AppIcon;
				CODE_SIGN_STYLE = Automatic;
				INFOPLIST_FILE = FantasticView/Info.plist;
				LD_RUNPATH_SEARCH_PATHS = "$(inherited) @executable_path/Frameworks";
				PRODUCT_BUNDLE_IDENTIFIER = com.roundtableapps.PayDock;
				PRODUCT_NAME = "$(TARGET_NAME)";
				SWIFT_VERSION = 4.0;
				TARGETED_DEVICE_FAMILY = "1,2";
			};
			name = Release;
		};
		99464F511FD66B42005406F9 /* Debug */ = {
			isa = XCBuildConfiguration;
			buildSettings = {
				ALWAYS_EMBED_SWIFT_STANDARD_LIBRARIES = YES;
				BUNDLE_LOADER = "$(TEST_HOST)";
				CODE_SIGN_STYLE = Automatic;
				INFOPLIST_FILE = FantasticViewTests/Info.plist;
				LD_RUNPATH_SEARCH_PATHS = "$(inherited) @executable_path/Frameworks @loader_path/Frameworks";
				PRODUCT_BUNDLE_IDENTIFIER = com.paydock.FantasticViewTests;
				PRODUCT_NAME = "$(TARGET_NAME)";
				SWIFT_VERSION = 4.0;
				TARGETED_DEVICE_FAMILY = "1,2";
				TEST_HOST = "$(BUILT_PRODUCTS_DIR)/FantasticViewMarkPayTesting.app/FantasticViewMarkPayTesting";
			};
			name = Debug;
		};
		99464F521FD66B42005406F9 /* Release */ = {
			isa = XCBuildConfiguration;
			buildSettings = {
				ALWAYS_EMBED_SWIFT_STANDARD_LIBRARIES = YES;
				BUNDLE_LOADER = "$(TEST_HOST)";
				CODE_SIGN_STYLE = Automatic;
				INFOPLIST_FILE = FantasticViewTests/Info.plist;
				LD_RUNPATH_SEARCH_PATHS = "$(inherited) @executable_path/Frameworks @loader_path/Frameworks";
				PRODUCT_BUNDLE_IDENTIFIER = com.paydock.FantasticViewTests;
				PRODUCT_NAME = "$(TARGET_NAME)";
				SWIFT_VERSION = 4.0;
				TARGETED_DEVICE_FAMILY = "1,2";
				TEST_HOST = "$(BUILT_PRODUCTS_DIR)/FantasticViewMarkPayTesting.app/FantasticViewMarkPayTesting";
			};
			name = Release;
		};
		99464F541FD66B42005406F9 /* Debug */ = {
			isa = XCBuildConfiguration;
			buildSettings = {
				ALWAYS_EMBED_SWIFT_STANDARD_LIBRARIES = YES;
				CODE_SIGN_STYLE = Automatic;
				INFOPLIST_FILE = FantasticViewUITests/Info.plist;
				LD_RUNPATH_SEARCH_PATHS = "$(inherited) @executable_path/Frameworks @loader_path/Frameworks";
				PRODUCT_BUNDLE_IDENTIFIER = com.paydock.FantasticViewUITests;
				PRODUCT_NAME = "$(TARGET_NAME)";
				SWIFT_VERSION = 4.0;
				TARGETED_DEVICE_FAMILY = "1,2";
				TEST_TARGET_NAME = FantasticView;
			};
			name = Debug;
		};
		99464F551FD66B42005406F9 /* Release */ = {
			isa = XCBuildConfiguration;
			buildSettings = {
				ALWAYS_EMBED_SWIFT_STANDARD_LIBRARIES = YES;
				CODE_SIGN_STYLE = Automatic;
				INFOPLIST_FILE = FantasticViewUITests/Info.plist;
				LD_RUNPATH_SEARCH_PATHS = "$(inherited) @executable_path/Frameworks @loader_path/Frameworks";
				PRODUCT_BUNDLE_IDENTIFIER = com.paydock.FantasticViewUITests;
				PRODUCT_NAME = "$(TARGET_NAME)";
				SWIFT_VERSION = 4.0;
				TARGETED_DEVICE_FAMILY = "1,2";
				TEST_TARGET_NAME = FantasticView;
			};
			name = Release;
		};
/* End XCBuildConfiguration section */

/* Begin XCConfigurationList section */
		99464F201FD66B42005406F9 /* Build configuration list for PBXProject "FantasticViewMarkPayTesting" */ = {
			isa = XCConfigurationList;
			buildConfigurations = (
				99464F4B1FD66B42005406F9 /* Debug */,
				99464F4C1FD66B42005406F9 /* Release */,
			);
			defaultConfigurationIsVisible = 0;
			defaultConfigurationName = Release;
		};
		99464F4D1FD66B42005406F9 /* Build configuration list for PBXNativeTarget "FantasticViewMarkPayTesting" */ = {
			isa = XCConfigurationList;
			buildConfigurations = (
				99464F4E1FD66B42005406F9 /* Debug */,
				99464F4F1FD66B42005406F9 /* Release */,
			);
			defaultConfigurationIsVisible = 0;
			defaultConfigurationName = Release;
		};
		99464F501FD66B42005406F9 /* Build configuration list for PBXNativeTarget "FantasticViewMarkPayTestingTests" */ = {
			isa = XCConfigurationList;
			buildConfigurations = (
				99464F511FD66B42005406F9 /* Debug */,
				99464F521FD66B42005406F9 /* Release */,
			);
			defaultConfigurationIsVisible = 0;
			defaultConfigurationName = Release;
		};
		99464F531FD66B42005406F9 /* Build configuration list for PBXNativeTarget "FantasticViewMarkPayTestingUITests" */ = {
			isa = XCConfigurationList;
			buildConfigurations = (
				99464F541FD66B42005406F9 /* Debug */,
				99464F551FD66B42005406F9 /* Release */,
			);
			defaultConfigurationIsVisible = 0;
			defaultConfigurationName = Release;
		};
/* End XCConfigurationList section */
	};
	rootObject = 99464F1D1FD66B42005406F9 /* Project object */;
}
